
Microsoft Visual Studio Solution File, Format Version 12.00
# Visual Studio Version 17
VisualStudioVersion = 17.0.31903.59
MinimumVisualStudioVersion = 10.0.40219.1
Project("{FAE04EC0-301F-11D3-BF4B-00C04F79EFBC}") = "cinemaApi", "cinemaApi\cinemaApi.csproj", "{AF0DC119-6570-43AA-A79F-620FC5BE7606}"
EndProject
Project("{FAE04EC0-301F-11D3-BF4B-00C04F79EFBC}") = "cinemaApi.Test", "cinemaApi.Test\cinemaApi.Test.csproj", "{3D01E9FD-C60C-4D81-B976-BFF9737E6D4E}"
EndProject
Global
	GlobalSection(SolutionConfigurationPlatforms) = preSolution
		Debug|Any CPU = Debug|Any CPU
		Release|Any CPU = Release|Any CPU
	EndGlobalSection
	GlobalSection(SolutionProperties) = preSolution
		HideSolutionNode = FALSE
	EndGlobalSection
	GlobalSection(ProjectConfigurationPlatforms) = postSolution
		{AF0DC119-6570-43AA-A79F-620FC5BE7606}.Debug|Any CPU.ActiveCfg = Debug|Any CPU
		{AF0DC119-6570-43AA-A79F-620FC5BE7606}.Debug|Any CPU.Build.0 = Debug|Any CPU
		{AF0DC119-6570-43AA-A79F-620FC5BE7606}.Release|Any CPU.ActiveCfg = Release|Any CPU
		{AF0DC119-6570-43AA-A79F-620FC5BE7606}.Release|Any CPU.Build.0 = Release|Any CPU
		{3D01E9FD-C60C-4D81-B976-BFF9737E6D4E}.Debug|Any CPU.ActiveCfg = Debug|Any CPU
		{3D01E9FD-C60C-4D81-B976-BFF9737E6D4E}.Debug|Any CPU.Build.0 = Debug|Any CPU
		{3D01E9FD-C60C-4D81-B976-BFF9737E6D4E}.Release|Any CPU.ActiveCfg = Release|Any CPU
		{3D01E9FD-C60C-4D81-B976-BFF9737E6D4E}.Release|Any CPU.Build.0 = Release|Any CPU
	EndGlobalSection
EndGlobal
